
Microsoft Visual Studio Solution File, Format Version 12.00
# Visual Studio Version 17
VisualStudioVersion = 17.6.33815.320
MinimumVisualStudioVersion = 10.0.40219.1
Project("{FAE04EC0-301F-11D3-BF4B-00C04F79EFBC}") = "Holiday", "Holiday\Holiday.csproj", "{5C806775-2F28-4004-A668-D287888F30F6}"
EndProject
Global
	GlobalSection(SolutionConfigurationPlatforms) = preSolution
		Debug|Any CPU = Debug|Any CPU
		Release|Any CPU = Release|Any CPU
	EndGlobalSection
	GlobalSection(ProjectConfigurationPlatforms) = postSolution
		{5C806775-2F28-4004-A668-D287888F30F6}.Debug|Any CPU.ActiveCfg = Debug|Any CPU
		{5C806775-2F28-4004-A668-D287888F30F6}.Debug|Any CPU.Build.0 = Debug|Any CPU
		{5C806775-2F28-4004-A668-D287888F30F6}.Release|Any CPU.ActiveCfg = Release|Any CPU
		{5C806775-2F28-4004-A668-D287888F30F6}.Release|Any CPU.Build.0 = Release|Any CPU
	EndGlobalSection
	GlobalSection(SolutionProperties) = preSolution
		HideSolutionNode = FALSE
	EndGlobalSection
	GlobalSection(ExtensibilityGlobals) = postSolution
		SolutionGuid = {F962A176-D28D-4D4E-9A89-3CABA8ED9B7F}
	EndGlobalSection
EndGlobal
